
Microsoft Visual Studio Solution File, Format Version 12.00
# Visual Studio 15
VisualStudioVersion = 15.0.27428.2015
MinimumVisualStudioVersion = 10.0.40219.1
Project("{9A19103F-16F7-4668-BE54-9A1E7A4F7556}") = "AndDigital.CustomerAPI", "AndDigital.CustomerAPI\AndDigital.CustomerAPI.csproj", "{B7CB4532-198E-4E91-91B8-525234DD8447}"
EndProject
Project("{9A19103F-16F7-4668-BE54-9A1E7A4F7556}") = "AndDigital.Customer.Models", "AndDigital.Customer.Models\AndDigital.Customer.Models.csproj", "{8D5FED9C-1C0A-4E86-BD04-632FCB564708}"
EndProject
Project("{9A19103F-16F7-4668-BE54-9A1E7A4F7556}") = "AndDigital.Customer.Data", "AndDigital.Customer.Data\AndDigital.Customer.Data.csproj", "{AF623950-FCF5-431B-98C5-E74BE08ACEFF}"
EndProject
Project("{9A19103F-16F7-4668-BE54-9A1E7A4F7556}") = "AndDigital.Customer.Components", "AndDigital.Customer.Components\AndDigital.Customer.Components.csproj", "{6445407F-62C3-47A5-AEAE-4CAA10FF99E5}"
EndProject
Project("{9A19103F-16F7-4668-BE54-9A1E7A4F7556}") = "AndDigital.Customer.Tests", "AndDigital.Customer.Tests\AndDigital.Customer.Tests.csproj", "{19907621-B3AE-4F8C-9385-C325011A8151}"
EndProject
Global
	GlobalSection(SolutionConfigurationPlatforms) = preSolution
		Debug|Any CPU = Debug|Any CPU
		Release|Any CPU = Release|Any CPU
	EndGlobalSection
	GlobalSection(ProjectConfigurationPlatforms) = postSolution
		{B7CB4532-198E-4E91-91B8-525234DD8447}.Debug|Any CPU.ActiveCfg = Debug|Any CPU
		{B7CB4532-198E-4E91-91B8-525234DD8447}.Debug|Any CPU.Build.0 = Debug|Any CPU
		{B7CB4532-198E-4E91-91B8-525234DD8447}.Release|Any CPU.ActiveCfg = Release|Any CPU
		{B7CB4532-198E-4E91-91B8-525234DD8447}.Release|Any CPU.Build.0 = Release|Any CPU
		{8D5FED9C-1C0A-4E86-BD04-632FCB564708}.Debug|Any CPU.ActiveCfg = Debug|Any CPU
		{8D5FED9C-1C0A-4E86-BD04-632FCB564708}.Debug|Any CPU.Build.0 = Debug|Any CPU
		{8D5FED9C-1C0A-4E86-BD04-632FCB564708}.Release|Any CPU.ActiveCfg = Release|Any CPU
		{8D5FED9C-1C0A-4E86-BD04-632FCB564708}.Release|Any CPU.Build.0 = Release|Any CPU
		{AF623950-FCF5-431B-98C5-E74BE08ACEFF}.Debug|Any CPU.ActiveCfg = Debug|Any CPU
		{AF623950-FCF5-431B-98C5-E74BE08ACEFF}.Debug|Any CPU.Build.0 = Debug|Any CPU
		{AF623950-FCF5-431B-98C5-E74BE08ACEFF}.Release|Any CPU.ActiveCfg = Release|Any CPU
		{AF623950-FCF5-431B-98C5-E74BE08ACEFF}.Release|Any CPU.Build.0 = Release|Any CPU
		{6445407F-62C3-47A5-AEAE-4CAA10FF99E5}.Debug|Any CPU.ActiveCfg = Debug|Any CPU
		{6445407F-62C3-47A5-AEAE-4CAA10FF99E5}.Debug|Any CPU.Build.0 = Debug|Any CPU
		{6445407F-62C3-47A5-AEAE-4CAA10FF99E5}.Release|Any CPU.ActiveCfg = Release|Any CPU
		{6445407F-62C3-47A5-AEAE-4CAA10FF99E5}.Release|Any CPU.Build.0 = Release|Any CPU
		{19907621-B3AE-4F8C-9385-C325011A8151}.Debug|Any CPU.ActiveCfg = Debug|Any CPU
		{19907621-B3AE-4F8C-9385-C325011A8151}.Debug|Any CPU.Build.0 = Debug|Any CPU
		{19907621-B3AE-4F8C-9385-C325011A8151}.Release|Any CPU.ActiveCfg = Release|Any CPU
		{19907621-B3AE-4F8C-9385-C325011A8151}.Release|Any CPU.Build.0 = Release|Any CPU
	EndGlobalSection
	GlobalSection(SolutionProperties) = preSolution
		HideSolutionNode = FALSE
	EndGlobalSection
	GlobalSection(ExtensibilityGlobals) = postSolution
		SolutionGuid = {18C9FDF2-F1B7-4EA1-82CF-3B44C6BF88F2}
	EndGlobalSection
EndGlobal
